
Microsoft Visual Studio Solution File, Format Version 12.00
# Visual Studio Version 17
VisualStudioVersion = 17.4.33103.184
MinimumVisualStudioVersion = 10.0.40219.1
Project("{9A19103F-16F7-4668-BE54-9A1E7A4F7556}") = "Domain", "Domain\Domain.csproj", "{8194B420-BEB0-4F0A-AF0E-B535C3CB0157}"
EndProject
Project("{9A19103F-16F7-4668-BE54-9A1E7A4F7556}") = "Application", "Application\Application.csproj", "{1AB7289D-7BC0-4857-A0DA-95C785D0C479}"
EndProject
Project("{9A19103F-16F7-4668-BE54-9A1E7A4F7556}") = "Infrastructure", "Infrastructure\Infrastructure.csproj", "{A84DCF94-6D42-46D9-A03E-6F26878C0CA5}"
EndProject
Project("{FAE04EC0-301F-11D3-BF4B-00C04F79EFBC}") = "WebHost", "WebHost\WebHost.csproj", "{A1F3A0E6-332A-44E9-8C93-9B51334E3326}"
EndProject
Global
	GlobalSection(SolutionConfigurationPlatforms) = preSolution
		Debug|Any CPU = Debug|Any CPU
		Release|Any CPU = Release|Any CPU
	EndGlobalSection
	GlobalSection(ProjectConfigurationPlatforms) = postSolution
		{8194B420-BEB0-4F0A-AF0E-B535C3CB0157}.Debug|Any CPU.ActiveCfg = Debug|Any CPU
		{8194B420-BEB0-4F0A-AF0E-B535C3CB0157}.Debug|Any CPU.Build.0 = Debug|Any CPU
		{8194B420-BEB0-4F0A-AF0E-B535C3CB0157}.Release|Any CPU.ActiveCfg = Release|Any CPU
		{8194B420-BEB0-4F0A-AF0E-B535C3CB0157}.Release|Any CPU.Build.0 = Release|Any CPU
		{1AB7289D-7BC0-4857-A0DA-95C785D0C479}.Debug|Any CPU.ActiveCfg = Debug|Any CPU
		{1AB7289D-7BC0-4857-A0DA-95C785D0C479}.Debug|Any CPU.Build.0 = Debug|Any CPU
		{1AB7289D-7BC0-4857-A0DA-95C785D0C479}.Release|Any CPU.ActiveCfg = Release|Any CPU
		{1AB7289D-7BC0-4857-A0DA-95C785D0C479}.Release|Any CPU.Build.0 = Release|Any CPU
		{A84DCF94-6D42-46D9-A03E-6F26878C0CA5}.Debug|Any CPU.ActiveCfg = Debug|Any CPU
		{A84DCF94-6D42-46D9-A03E-6F26878C0CA5}.Debug|Any CPU.Build.0 = Debug|Any CPU
		{A84DCF94-6D42-46D9-A03E-6F26878C0CA5}.Release|Any CPU.ActiveCfg = Release|Any CPU
		{A84DCF94-6D42-46D9-A03E-6F26878C0CA5}.Release|Any CPU.Build.0 = Release|Any CPU
		{A1F3A0E6-332A-44E9-8C93-9B51334E3326}.Debug|Any CPU.ActiveCfg = Debug|Any CPU
		{A1F3A0E6-332A-44E9-8C93-9B51334E3326}.Debug|Any CPU.Build.0 = Debug|Any CPU
		{A1F3A0E6-332A-44E9-8C93-9B51334E3326}.Release|Any CPU.ActiveCfg = Release|Any CPU
		{A1F3A0E6-332A-44E9-8C93-9B51334E3326}.Release|Any CPU.Build.0 = Release|Any CPU
	EndGlobalSection
	GlobalSection(SolutionProperties) = preSolution
		HideSolutionNode = FALSE
	EndGlobalSection
	GlobalSection(ExtensibilityGlobals) = postSolution
		SolutionGuid = {EF64CA60-C53B-4CE6-9C24-CD6EAD1BE773}
	EndGlobalSection
EndGlobal
